
Microsoft Visual Studio Solution File, Format Version 12.00
# Visual Studio Version 16
VisualStudioVersion = 16.0.31911.196
MinimumVisualStudioVersion = 10.0.40219.1
Project("{9092AA53-FB77-4645-B42D-1CCCA6BD08BD}") = "DemoExpress", "DemoExpress\DemoExpress.njsproj", "{455D6A68-9592-41A8-B1ED-CA29335A9D6E}"
EndProject
Global
	GlobalSection(SolutionConfigurationPlatforms) = preSolution
		Debug|Any CPU = Debug|Any CPU
		Release|Any CPU = Release|Any CPU
	EndGlobalSection
	GlobalSection(ProjectConfigurationPlatforms) = postSolution
		{455D6A68-9592-41A8-B1ED-CA29335A9D6E}.Debug|Any CPU.ActiveCfg = Debug|Any CPU
		{455D6A68-9592-41A8-B1ED-CA29335A9D6E}.Debug|Any CPU.Build.0 = Debug|Any CPU
		{455D6A68-9592-41A8-B1ED-CA29335A9D6E}.Release|Any CPU.ActiveCfg = Release|Any CPU
		{455D6A68-9592-41A8-B1ED-CA29335A9D6E}.Release|Any CPU.Build.0 = Release|Any CPU
	EndGlobalSection
	GlobalSection(SolutionProperties) = preSolution
		HideSolutionNode = FALSE
	EndGlobalSection
	GlobalSection(ExtensibilityGlobals) = postSolution
		SolutionGuid = {4C686481-15BC-4305-B000-E22DADD98DEF}
	EndGlobalSection
EndGlobal
